{
  "version": 4,
  "terraform_version": "1.12.2",
  "serial": 37,
  "lineage": "0346c55a-d87e-9066-960c-2e9eeb45f27b",
  "outputs": {
    "cluster_ca_certificate": {
      "value": "LS0tLS1CRUdJTiBDRVJUSUZJQ0FURS0tLS0tCk1JSUVMRENDQXBTZ0F3SUJBZ0lRZGdWdGRjT0w1MzJZSzFaZnNCR2hKVEFOQmdrcWhraUc5dzBCQVFzRkFEQXYKTVMwd0t3WURWUVFERXlSbE5UZGxORFF3WWkweVptUXpMVFJrTkdFdFlUZzBPQzAxTTJFNU5tVTFaRFEyWXprdwpJQmNOTWpVeE1ETXhNVE13TXpJeldoZ1BNakExTlRFd01qUXhOREF6TWpOYU1DOHhMVEFyQmdOVkJBTVRKR1UxCk4yVTBOREJpTFRKbVpETXROR1EwWVMxaE9EUTRMVFV6WVRrMlpUVmtORFpqT1RDQ0FhSXdEUVlKS29aSWh2Y04KQVFFQkJRQURnZ0dQQURDQ0FZb0NnZ0dCQUxreUs5dEFEckJBRm9CVklINWlzZEtyd3lWdjhxeldwTlNxdmRBMQpnSlNGOFh6emxvVVhRQjR4NXRqekZKZFFEWDczQVFsLzhmQnlkd3gwcWFDQlAwQWtvdlEzSUs2aWw2MTNJbU05CmpmcnNTNVdvZzBxRlJVUjFCYWcwL1IvTXVSb0tOd0R3bXFrbk1wZTBlSU5CQ3Y5cVkrZC96amZEeGpzNE41ekIKL1ZJTmVhVGpVQjBON2lqeFNvREdyQmZ4M1FVR0J4TUsrTnZLZDN5MXNtbCtQbXFMS3RGL1gwdHZrRWZlY3B4QwpMcnE1RHlrbG5XWHcxamFGRm5FcUVFVG1sckdsclJCSUtnZkdBam1KamVBMW1La05IMHpOU0tNU2NoWlNmRkI3CjU3cEZGVWZ1MS9wQ2NhSndoVTM5dU1uaVVPK1VTcDZlWTJOWlh3R3U0QVdUL0pqZVMrazdBRFZneE02d29Xck4KYlJqdGcyZ3NBODkwaWRpYUROVnZ2dGZlNFg0enBJNmhROTh6aC9VS3ZCN2lKa3RpcC9hNzcxS04zZVNVWHM4WApxSXlLT3dRdUlpS1NIK3RPeG5nRGJtbC9ZOFJkMEJNYU04SStFSlhyS0xSNVZackhYTERMQnNvRkZIN3R1eUpCCitrS2V1bDZwdGxxRFhEOHNZRlVkbmZuNi93SURBUUFCbzBJd1FEQU9CZ05WSFE4QkFmOEVCQU1DQWdRd0R3WUQKVlIwVEFRSC9CQVV3QXdFQi96QWRCZ05WSFE0RUZnUVVPL3hMWUs2RUJRQWRaUG5VdHpLNE9CSTdRT293RFFZSgpLb1pJaHZjTkFRRUxCUUFEZ2dHQkFKOUZLWjdCOEt0cFQzaWozSFgvNkVrRXFTTmYyUmF0dWxKd2FPYXNZUE1nCkszQXdLME5hRnVoejA1bGtsSnRtUHhHOUF3UEFpSmFTcUtXRThGZTljRnRscXJ4VHV4NzYxK29hSWY2RS95WlkKL0liZ3BkTmpRK2JqaGV0SEl1Nkd1YU9KRFlKdHBFRHV2ejM0Sm0rRUt1RUxubk96RDA2dVRUVWlTdkRIZHE1TwpVNWcvaHRLeEJxSnpCRVJTWExZd0RySkRFTUxoZElBTitpZXN4YTFzcG9QVjM4bjdKbnRubFNoU28rTlV2WmxkCmREcW1POXg5dWY3Z0xHRnc4UW8zSnZZVWN6ZXVTaVhWQnMyVlBXb3h4dHpMaytsRjBadDgySEJuMFVld1pGODYKTHVxd1FFNjdWUDIvaTljVDZZQ1l5UlJEMDNua0RkS2V4U2FzcEgvZTNIbnhnK1l3YXYzc08wbVhlTVUreHRtVgpRL29QakVQMnZJai9iVTNjeDdxR2JvSUhDMHlCeVdpUjB1d1RGVWEveENpL2dlVlB3aENsMTlKLzBtaHRiSEVwCjZFUUxxZmlHc0FOazhsaXdwV0FmeEpjbmUvWTlQWGhrSStPZWJ3NENWbGVwaUo4aEJRRWJjM253aUtNMVFnV0MKaUcyUlVaYmU5KzhXalBYaEQ2b1pjdz09Ci0tLS0tRU5EIENFUlRJRklDQVRFLS0tLS0K",
      "type": "string",
      "sensitive": true
    },
    "cluster_endpoint": {
      "value": "34.14.76.194",
      "type": "string",
      "sensitive": true
    },
    "cluster_name": {
      "value": "cryptoviz",
      "type": "string"
    }
  },
  "resources": [
    {
      "module": "module.google_kubernetes_engine",
      "mode": "managed",
      "type": "google_compute_network",
      "name": "vpc",
      "provider": "provider[\"registry.terraform.io/hashicorp/google\"]",
      "instances": [
        {
          "schema_version": 0,
          "attributes": {
            "auto_create_subnetworks": false,
            "delete_default_routes_on_create": false,
            "description": "",
            "enable_ula_internal_ipv6": false,
            "gateway_ipv4": "",
            "id": "projects/magnetic-racer-476808-v4/global/networks/cryptoviz-vpc",
            "internal_ipv6_range": "",
            "mtu": 0,
            "name": "cryptoviz-vpc",
            "network_firewall_policy_enforcement_order": "AFTER_CLASSIC_FIREWALL",
            "numeric_id": "5509615403651399580",
            "project": "magnetic-racer-476808-v4",
            "routing_mode": "REGIONAL",
            "self_link": "https://www.googleapis.com/compute/v1/projects/magnetic-racer-476808-v4/global/networks/cryptoviz-vpc",
            "timeouts": null
          },
          "sensitive_attributes": [],
          "identity_schema_version": 0,
          "private": "eyJlMmJmYjczMC1lY2FhLTExZTYtOGY4OC0zNDM2M2JjN2M0YzAiOnsiY3JlYXRlIjoxMjAwMDAwMDAwMDAwLCJkZWxldGUiOjEyMDAwMDAwMDAwMDAsInVwZGF0ZSI6MTIwMDAwMDAwMDAwMH19"
        }
      ]
    },
    {
      "module": "module.google_kubernetes_engine",
      "mode": "managed",
      "type": "google_compute_subnetwork",
      "name": "subnet",
      "provider": "provider[\"registry.terraform.io/hashicorp/google\"]",
      "instances": [
        {
          "schema_version": 0,
          "attributes": {
            "creation_timestamp": "2025-10-31T07:02:50.540-07:00",
            "description": "",
            "external_ipv6_prefix": "",
            "fingerprint": null,
            "gateway_address": "10.0.0.1",
            "id": "projects/magnetic-racer-476808-v4/regions/europe-west1/subnetworks/cryptoviz-subnet",
            "internal_ipv6_prefix": "",
            "ip_cidr_range": "10.0.0.0/24",
            "ipv6_access_type": "",
            "ipv6_cidr_range": "",
            "log_config": [],
            "name": "cryptoviz-subnet",
            "network": "https://www.googleapis.com/compute/v1/projects/magnetic-racer-476808-v4/global/networks/cryptoviz-vpc",
            "private_ip_google_access": false,
            "private_ipv6_google_access": "DISABLE_GOOGLE_ACCESS",
            "project": "magnetic-racer-476808-v4",
            "purpose": "PRIVATE",
            "region": "europe-west1",
            "role": "",
            "secondary_ip_range": [
              {
                "ip_cidr_range": "10.1.0.0/16",
                "range_name": "pods"
              },
              {
                "ip_cidr_range": "10.2.0.0/16",
                "range_name": "services"
              }
            ],
            "self_link": "https://www.googleapis.com/compute/v1/projects/magnetic-racer-476808-v4/regions/europe-west1/subnetworks/cryptoviz-subnet",
            "send_secondary_ip_range_if_empty": null,
            "stack_type": "IPV4_ONLY",
            "timeouts": null
          },
          "sensitive_attributes": [],
          "identity_schema_version": 0,
          "private": "eyJlMmJmYjczMC1lY2FhLTExZTYtOGY4OC0zNDM2M2JjN2M0YzAiOnsiY3JlYXRlIjoxMjAwMDAwMDAwMDAwLCJkZWxldGUiOjEyMDAwMDAwMDAwMDAsInVwZGF0ZSI6MTIwMDAwMDAwMDAwMH19",
          "dependencies": [
            "module.google_kubernetes_engine.google_compute_network.vpc"
          ]
        }
      ]
    },
    {
      "module": "module.google_kubernetes_engine",
      "mode": "managed",
      "type": "google_container_cluster",
      "name": "cryptoviz",
      "provider": "provider[\"registry.terraform.io/hashicorp/google\"]",
      "instances": [
        {
          "schema_version": 2,
          "attributes": {
            "addons_config": [
              {
                "cloudrun_config": [],
                "config_connector_config": [],
                "dns_cache_config": [],
                "gce_persistent_disk_csi_driver_config": [
                  {
                    "enabled": true
                  }
                ],
                "gcp_filestore_csi_driver_config": [],
                "gcs_fuse_csi_driver_config": [],
                "gke_backup_agent_config": [],
                "horizontal_pod_autoscaling": [],
                "http_load_balancing": [],
                "network_policy_config": [
                  {
                    "disabled": true
                  }
                ],
                "ray_operator_config": [],
                "stateful_ha_config": []
              }
            ],
            "allow_net_admin": null,
            "authenticator_groups_config": [],
            "binary_authorization": [
              {
                "enabled": false,
                "evaluation_mode": ""
              }
            ],
            "cluster_autoscaling": [
              {
                "auto_provisioning_defaults": [],
                "auto_provisioning_locations": [],
                "autoscaling_profile": "BALANCED",
                "enabled": false,
                "resource_limits": []
              }
            ],
            "cluster_ipv4_cidr": "10.1.0.0/16",
            "confidential_nodes": [],
            "cost_management_config": [],
            "database_encryption": [
              {
                "key_name": "",
                "state": "DECRYPTED"
              }
            ],
            "datapath_provider": "",
            "default_max_pods_per_node": 110,
            "default_snat_status": [
              {
                "disabled": false
              }
            ],
            "deletion_protection": true,
            "description": "",
            "dns_config": [],
            "enable_autopilot": false,
            "enable_cilium_clusterwide_network_policy": false,
            "enable_intranode_visibility": false,
            "enable_k8s_beta_apis": [],
            "enable_kubernetes_alpha": false,
            "enable_l4_ilb_subsetting": false,
            "enable_legacy_abac": false,
            "enable_multi_networking": false,
            "enable_shielded_nodes": true,
            "enable_tpu": false,
            "endpoint": "34.14.76.194",
            "fleet": [],
            "gateway_api_config": [],
            "id": "projects/magnetic-racer-476808-v4/locations/europe-west1-b/clusters/cryptoviz",
            "identity_service_config": [],
            "initial_node_count": 1,
            "ip_allocation_policy": [
              {
                "additional_pod_ranges_config": [],
                "cluster_ipv4_cidr_block": "10.1.0.0/16",
                "cluster_secondary_range_name": "pods",
                "pod_cidr_overprovision_config": [
                  {
                    "disabled": false
                  }
                ],
                "services_ipv4_cidr_block": "10.2.0.0/16",
                "services_secondary_range_name": "services",
                "stack_type": "IPV4"
              }
            ],
            "label_fingerprint": "a9dc16a7",
            "location": "europe-west1-b",
            "logging_config": [
              {
                "enable_components": [
                  "SYSTEM_COMPONENTS",
                  "WORKLOADS"
                ]
              }
            ],
            "logging_service": "logging.googleapis.com/kubernetes",
            "maintenance_policy": [
              {
                "daily_maintenance_window": [
                  {
                    "duration": "PT4H0M0S",
                    "start_time": "03:00"
                  }
                ],
                "maintenance_exclusion": [],
                "recurring_window": []
              }
            ],
            "master_auth": [
              {
                "client_certificate": "",
                "client_certificate_config": [
                  {
                    "issue_client_certificate": false
                  }
                ],
                "client_key": "",
                "cluster_ca_certificate": "LS0tLS1CRUdJTiBDRVJUSUZJQ0FURS0tLS0tCk1JSUVMRENDQXBTZ0F3SUJBZ0lRZGdWdGRjT0w1MzJZSzFaZnNCR2hKVEFOQmdrcWhraUc5dzBCQVFzRkFEQXYKTVMwd0t3WURWUVFERXlSbE5UZGxORFF3WWkweVptUXpMVFJrTkdFdFlUZzBPQzAxTTJFNU5tVTFaRFEyWXprdwpJQmNOTWpVeE1ETXhNVE13TXpJeldoZ1BNakExTlRFd01qUXhOREF6TWpOYU1DOHhMVEFyQmdOVkJBTVRKR1UxCk4yVTBOREJpTFRKbVpETXROR1EwWVMxaE9EUTRMVFV6WVRrMlpUVmtORFpqT1RDQ0FhSXdEUVlKS29aSWh2Y04KQVFFQkJRQURnZ0dQQURDQ0FZb0NnZ0dCQUxreUs5dEFEckJBRm9CVklINWlzZEtyd3lWdjhxeldwTlNxdmRBMQpnSlNGOFh6emxvVVhRQjR4NXRqekZKZFFEWDczQVFsLzhmQnlkd3gwcWFDQlAwQWtvdlEzSUs2aWw2MTNJbU05CmpmcnNTNVdvZzBxRlJVUjFCYWcwL1IvTXVSb0tOd0R3bXFrbk1wZTBlSU5CQ3Y5cVkrZC96amZEeGpzNE41ekIKL1ZJTmVhVGpVQjBON2lqeFNvREdyQmZ4M1FVR0J4TUsrTnZLZDN5MXNtbCtQbXFMS3RGL1gwdHZrRWZlY3B4QwpMcnE1RHlrbG5XWHcxamFGRm5FcUVFVG1sckdsclJCSUtnZkdBam1KamVBMW1La05IMHpOU0tNU2NoWlNmRkI3CjU3cEZGVWZ1MS9wQ2NhSndoVTM5dU1uaVVPK1VTcDZlWTJOWlh3R3U0QVdUL0pqZVMrazdBRFZneE02d29Xck4KYlJqdGcyZ3NBODkwaWRpYUROVnZ2dGZlNFg0enBJNmhROTh6aC9VS3ZCN2lKa3RpcC9hNzcxS04zZVNVWHM4WApxSXlLT3dRdUlpS1NIK3RPeG5nRGJtbC9ZOFJkMEJNYU04SStFSlhyS0xSNVZackhYTERMQnNvRkZIN3R1eUpCCitrS2V1bDZwdGxxRFhEOHNZRlVkbmZuNi93SURBUUFCbzBJd1FEQU9CZ05WSFE4QkFmOEVCQU1DQWdRd0R3WUQKVlIwVEFRSC9CQVV3QXdFQi96QWRCZ05WSFE0RUZnUVVPL3hMWUs2RUJRQWRaUG5VdHpLNE9CSTdRT293RFFZSgpLb1pJaHZjTkFRRUxCUUFEZ2dHQkFKOUZLWjdCOEt0cFQzaWozSFgvNkVrRXFTTmYyUmF0dWxKd2FPYXNZUE1nCkszQXdLME5hRnVoejA1bGtsSnRtUHhHOUF3UEFpSmFTcUtXRThGZTljRnRscXJ4VHV4NzYxK29hSWY2RS95WlkKL0liZ3BkTmpRK2JqaGV0SEl1Nkd1YU9KRFlKdHBFRHV2ejM0Sm0rRUt1RUxubk96RDA2dVRUVWlTdkRIZHE1TwpVNWcvaHRLeEJxSnpCRVJTWExZd0RySkRFTUxoZElBTitpZXN4YTFzcG9QVjM4bjdKbnRubFNoU28rTlV2WmxkCmREcW1POXg5dWY3Z0xHRnc4UW8zSnZZVWN6ZXVTaVhWQnMyVlBXb3h4dHpMaytsRjBadDgySEJuMFVld1pGODYKTHVxd1FFNjdWUDIvaTljVDZZQ1l5UlJEMDNua0RkS2V4U2FzcEgvZTNIbnhnK1l3YXYzc08wbVhlTVUreHRtVgpRL29QakVQMnZJai9iVTNjeDdxR2JvSUhDMHlCeVdpUjB1d1RGVWEveENpL2dlVlB3aENsMTlKLzBtaHRiSEVwCjZFUUxxZmlHc0FOazhsaXdwV0FmeEpjbmUvWTlQWGhrSStPZWJ3NENWbGVwaUo4aEJRRWJjM253aUtNMVFnV0MKaUcyUlVaYmU5KzhXalBYaEQ2b1pjdz09Ci0tLS0tRU5EIENFUlRJRklDQVRFLS0tLS0K"
              }
            ],
            "master_authorized_networks_config": [],
            "master_version": "1.33.5-gke.1125000",
            "mesh_certificates": [],
            "min_master_version": null,
            "monitoring_config": [
              {
                "advanced_datapath_observability_config": [
                  {
                    "enable_metrics": false,
                    "enable_relay": false,
                    "relay_mode": "DISABLED"
                  }
                ],
                "enable_components": [
                  "SYSTEM_COMPONENTS",
                  "JOBSET",
                  "STORAGE",
                  "HPA",
                  "POD",
                  "DAEMONSET",
                  "DEPLOYMENT",
                  "STATEFULSET",
                  "CADVISOR",
                  "KUBELET",
                  "DCGM"
                ],
                "managed_prometheus": [
                  {
                    "enabled": true
                  }
                ]
              }
            ],
            "monitoring_service": "monitoring.googleapis.com/kubernetes",
            "name": "cryptoviz",
            "network": "projects/magnetic-racer-476808-v4/global/networks/cryptoviz-vpc",
            "network_policy": [
              {
                "enabled": false,
                "provider": "PROVIDER_UNSPECIFIED"
              }
            ],
            "networking_mode": "VPC_NATIVE",
            "node_config": [],
            "node_locations": [],
            "node_pool": [],
            "node_pool_auto_config": [
              {
                "network_tags": [],
                "node_kubelet_config": [
                  {
                    "insecure_kubelet_readonly_port_enabled": "FALSE"
                  }
                ],
                "resource_manager_tags": {}
              }
            ],
            "node_pool_defaults": [
              {
                "node_config_defaults": [
                  {
                    "containerd_config": [],
                    "insecure_kubelet_readonly_port_enabled": "FALSE",
                    "logging_variant": "DEFAULT"
                  }
                ]
              }
            ],
            "node_version": "1.33.5-gke.1125000",
            "notification_config": [
              {
                "pubsub": [
                  {
                    "enabled": false,
                    "filter": [],
                    "topic": ""
                  }
                ]
              }
            ],
            "operation": null,
            "private_cluster_config": [
              {
                "enable_private_endpoint": false,
                "enable_private_nodes": false,
                "master_global_access_config": [
                  {
                    "enabled": false
                  }
                ],
                "master_ipv4_cidr_block": "",
                "peering_name": "",
                "private_endpoint": "10.0.0.2",
                "private_endpoint_subnetwork": "",
                "public_endpoint": "34.14.76.194"
              }
            ],
            "private_ipv6_google_access": "",
            "project": "magnetic-racer-476808-v4",
            "release_channel": [
              {
                "channel": "REGULAR"
              }
            ],
            "remove_default_node_pool": true,
            "resource_labels": null,
            "resource_usage_export_config": [],
            "security_posture_config": [
              {
                "mode": "BASIC",
                "vulnerability_mode": "VULNERABILITY_MODE_UNSPECIFIED"
              }
            ],
            "self_link": "https://container.googleapis.com/v1/projects/magnetic-racer-476808-v4/zones/europe-west1-b/clusters/cryptoviz",
            "service_external_ips_config": [
              {
                "enabled": false
              }
            ],
            "services_ipv4_cidr": "10.2.0.0/16",
            "subnetwork": "projects/magnetic-racer-476808-v4/regions/europe-west1/subnetworks/cryptoviz-subnet",
            "timeouts": null,
            "tpu_ipv4_cidr_block": "",
            "vertical_pod_autoscaling": [],
            "workload_identity_config": [
              {
                "workload_pool": "magnetic-racer-476808-v4.svc.id.goog"
              }
            ]
          },
          "sensitive_attributes": [
            [
              {
                "type": "get_attr",
                "value": "master_auth"
              },
              {
                "type": "index",
                "value": {
                  "value": 0,
                  "type": "number"
                }
              },
              {
                "type": "get_attr",
                "value": "client_key"
              }
            ]
          ],
          "identity_schema_version": 0,
          "private": "eyJlMmJmYjczMC1lY2FhLTExZTYtOGY4OC0zNDM2M2JjN2M0YzAiOnsiY3JlYXRlIjoyNDAwMDAwMDAwMDAwLCJkZWxldGUiOjI0MDAwMDAwMDAwMDAsInJlYWQiOjI0MDAwMDAwMDAwMDAsInVwZGF0ZSI6MzYwMDAwMDAwMDAwMH0sInNjaGVtYV92ZXJzaW9uIjoiMiJ9",
          "dependencies": [
            "module.google_kubernetes_engine.google_compute_network.vpc",
            "module.google_kubernetes_engine.google_compute_subnetwork.subnet"
          ]
        }
      ]
    },
    {
      "module": "module.google_kubernetes_engine",
      "mode": "managed",
      "type": "google_container_node_pool",
      "name": "workers",
      "provider": "provider[\"registry.terraform.io/hashicorp/google\"]",
      "instances": [
        {
          "schema_version": 1,
          "attributes": {
            "autoscaling": [
              {
                "location_policy": "ANY",
                "max_node_count": 3,
                "min_node_count": 0,
                "total_max_node_count": 0,
                "total_min_node_count": 0
              }
            ],
            "cluster": "cryptoviz",
            "id": "projects/magnetic-racer-476808-v4/locations/europe-west1-b/clusters/cryptoviz/nodePools/workers",
            "initial_node_count": 3,
            "instance_group_urls": [
              "https://www.googleapis.com/compute/v1/projects/magnetic-racer-476808-v4/zones/europe-west1-b/instanceGroupManagers/gke-cryptoviz-workers-4f046056-grp"
            ],
            "location": "europe-west1-b",
            "managed_instance_group_urls": [
              "https://www.googleapis.com/compute/v1/projects/magnetic-racer-476808-v4/zones/europe-west1-b/instanceGroups/gke-cryptoviz-workers-4f046056-grp"
            ],
            "management": [
              {
                "auto_repair": true,
                "auto_upgrade": true
              }
            ],
            "max_pods_per_node": 110,
            "name": "workers",
            "name_prefix": "",
            "network_config": [
              {
                "additional_node_network_configs": [],
                "additional_pod_network_configs": [],
                "create_pod_range": false,
                "enable_private_nodes": false,
                "network_performance_config": [],
                "pod_cidr_overprovision_config": [],
                "pod_ipv4_cidr_block": "10.1.0.0/16",
                "pod_range": "pods"
              }
            ],
            "node_config": [
              {
                "advanced_machine_features": [],
                "boot_disk_kms_key": "",
                "confidential_nodes": [],
                "containerd_config": [],
                "disk_size_gb": 50,
                "disk_type": "pd-standard",
                "effective_taints": [],
                "enable_confidential_storage": false,
                "ephemeral_storage_local_ssd_config": [],
                "fast_socket": [],
                "gcfs_config": [],
                "guest_accelerator": [],
                "gvnic": [],
                "host_maintenance_policy": [],
                "image_type": "COS_CONTAINERD",
                "kubelet_config": [
                  {
                    "cpu_cfs_quota": false,
                    "cpu_cfs_quota_period": "",
                    "cpu_manager_policy": "",
                    "insecure_kubelet_readonly_port_enabled": "FALSE",
                    "pod_pids_limit": 0
                  }
                ],
                "labels": {
                  "machine-type": "e2-standard-4",
                  "node-count": "3",
                  "preemptible": "true"
                },
                "linux_node_config": [],
                "local_nvme_ssd_block_config": [],
                "local_ssd_count": 0,
                "logging_variant": "DEFAULT",
                "machine_type": "e2-standard-4",
                "metadata": {
                  "disable-legacy-endpoints": "true"
                },
                "min_cpu_platform": "",
                "node_group": "",
                "oauth_scopes": [
                  "https://www.googleapis.com/auth/cloud-platform"
                ],
                "preemptible": true,
                "reservation_affinity": [],
                "resource_labels": {
                  "goog-gke-node-pool-provisioning-model": "spot"
                },
                "resource_manager_tags": null,
                "secondary_boot_disks": [],
                "service_account": "cryptoviz-workers@magnetic-racer-476808-v4.iam.gserviceaccount.com",
                "shielded_instance_config": [
                  {
                    "enable_integrity_monitoring": true,
                    "enable_secure_boot": false
                  }
                ],
                "sole_tenant_config": [],
                "spot": false,
                "tags": null,
                "taint": [],
                "workload_metadata_config": [
                  {
                    "mode": "GKE_METADATA"
                  }
                ]
              }
            ],
            "node_count": 3,
            "node_locations": [
              "europe-west1-b"
            ],
            "operation": null,
            "placement_policy": [],
            "project": "magnetic-racer-476808-v4",
            "queued_provisioning": [],
            "timeouts": null,
            "upgrade_settings": [
              {
                "blue_green_settings": [],
                "max_surge": 1,
                "max_unavailable": 0,
                "strategy": "SURGE"
              }
            ],
            "version": "1.33.5-gke.1125000"
          },
          "sensitive_attributes": [],
          "identity_schema_version": 0,
          "private": "eyJlMmJmYjczMC1lY2FhLTExZTYtOGY4OC0zNDM2M2JjN2M0YzAiOnsiY3JlYXRlIjoxODAwMDAwMDAwMDAwLCJkZWxldGUiOjE4MDAwMDAwMDAwMDAsInVwZGF0ZSI6MTgwMDAwMDAwMDAwMH0sInNjaGVtYV92ZXJzaW9uIjoiMSJ9",
          "dependencies": [
            "module.google_kubernetes_engine.google_compute_network.vpc",
            "module.google_kubernetes_engine.google_compute_subnetwork.subnet",
            "module.google_kubernetes_engine.google_container_cluster.cryptoviz",
            "module.google_kubernetes_engine.google_service_account.gke_sa"
          ]
        }
      ]
    },
    {
      "module": "module.google_kubernetes_engine",
      "mode": "managed",
      "type": "google_project_iam_member",
      "name": "gke_permissions",
      "provider": "provider[\"registry.terraform.io/hashicorp/google\"]",
      "instances": [
        {
          "index_key": "roles/logging.logWriter",
          "schema_version": 0,
          "attributes": {
            "condition": [],
            "etag": "BwZCdNHoi60=",
            "id": "magnetic-racer-476808-v4/roles/logging.logWriter/serviceAccount:cryptoviz-workers@magnetic-racer-476808-v4.iam.gserviceaccount.com",
            "member": "serviceAccount:cryptoviz-workers@magnetic-racer-476808-v4.iam.gserviceaccount.com",
            "project": "magnetic-racer-476808-v4",
            "role": "roles/logging.logWriter"
          },
          "sensitive_attributes": [],
          "identity_schema_version": 0,
          "private": "bnVsbA==",
          "dependencies": [
            "module.google_kubernetes_engine.google_service_account.gke_sa"
          ]
        },
        {
          "index_key": "roles/monitoring.metricWriter",
          "schema_version": 0,
          "attributes": {
            "condition": [],
            "etag": "BwZCdNHoi60=",
            "id": "magnetic-racer-476808-v4/roles/monitoring.metricWriter/serviceAccount:cryptoviz-workers@magnetic-racer-476808-v4.iam.gserviceaccount.com",
            "member": "serviceAccount:cryptoviz-workers@magnetic-racer-476808-v4.iam.gserviceaccount.com",
            "project": "magnetic-racer-476808-v4",
            "role": "roles/monitoring.metricWriter"
          },
          "sensitive_attributes": [],
          "identity_schema_version": 0,
          "private": "bnVsbA==",
          "dependencies": [
            "module.google_kubernetes_engine.google_service_account.gke_sa"
          ]
        },
        {
          "index_key": "roles/monitoring.viewer",
          "schema_version": 0,
          "attributes": {
            "condition": [],
            "etag": "BwZCdNHoi60=",
            "id": "magnetic-racer-476808-v4/roles/monitoring.viewer/serviceAccount:cryptoviz-workers@magnetic-racer-476808-v4.iam.gserviceaccount.com",
            "member": "serviceAccount:cryptoviz-workers@magnetic-racer-476808-v4.iam.gserviceaccount.com",
            "project": "magnetic-racer-476808-v4",
            "role": "roles/monitoring.viewer"
          },
          "sensitive_attributes": [],
          "identity_schema_version": 0,
          "private": "bnVsbA==",
          "dependencies": [
            "module.google_kubernetes_engine.google_service_account.gke_sa"
          ]
        }
      ]
    },
    {
      "module": "module.google_kubernetes_engine",
      "mode": "managed",
      "type": "google_service_account",
      "name": "gke_sa",
      "provider": "provider[\"registry.terraform.io/hashicorp/google\"]",
      "instances": [
        {
          "schema_version": 0,
          "attributes": {
            "account_id": "cryptoviz-workers",
            "create_ignore_already_exists": null,
            "description": "",
            "disabled": false,
            "display_name": "GKE Workers Service Account",
            "email": "cryptoviz-workers@magnetic-racer-476808-v4.iam.gserviceaccount.com",
            "id": "projects/magnetic-racer-476808-v4/serviceAccounts/cryptoviz-workers@magnetic-racer-476808-v4.iam.gserviceaccount.com",
            "member": "serviceAccount:cryptoviz-workers@magnetic-racer-476808-v4.iam.gserviceaccount.com",
            "name": "projects/magnetic-racer-476808-v4/serviceAccounts/cryptoviz-workers@magnetic-racer-476808-v4.iam.gserviceaccount.com",
            "project": "magnetic-racer-476808-v4",
            "timeouts": null,
            "unique_id": "114694400949558127867"
          },
          "sensitive_attributes": [],
          "identity_schema_version": 0,
          "private": "eyJlMmJmYjczMC1lY2FhLTExZTYtOGY4OC0zNDM2M2JjN2M0YzAiOnsiY3JlYXRlIjozMDAwMDAwMDAwMDB9fQ=="
        }
      ]
    }
  ],
  "check_results": null
}
