{
  "version": 4,
  "terraform_version": "1.12.2",
  "serial": 28,
  "lineage": "0346c55a-d87e-9066-960c-2e9eeb45f27b",
  "outputs": {},
  "resources": [
    {
      "module": "module.google_kubernetes_engine",
      "mode": "managed",
      "type": "google_compute_network",
      "name": "vpc",
      "provider": "provider[\"registry.terraform.io/hashicorp/google\"]",
      "instances": [
        {
          "schema_version": 0,
          "attributes": {
            "auto_create_subnetworks": false,
            "delete_default_routes_on_create": false,
            "description": "",
            "enable_ula_internal_ipv6": false,
            "gateway_ipv4": "",
            "id": "projects/magnetic-racer-476808-v4/global/networks/cryptoviz-vpc",
            "internal_ipv6_range": "",
            "mtu": 0,
            "name": "cryptoviz-vpc",
            "network_firewall_policy_enforcement_order": "AFTER_CLASSIC_FIREWALL",
            "numeric_id": "5686459303379678049",
            "project": "magnetic-racer-476808-v4",
            "routing_mode": "REGIONAL",
            "self_link": "https://www.googleapis.com/compute/v1/projects/magnetic-racer-476808-v4/global/networks/cryptoviz-vpc",
            "timeouts": null
          },
          "sensitive_attributes": [],
          "identity_schema_version": 0,
          "private": "eyJlMmJmYjczMC1lY2FhLTExZTYtOGY4OC0zNDM2M2JjN2M0YzAiOnsiY3JlYXRlIjoxMjAwMDAwMDAwMDAwLCJkZWxldGUiOjEyMDAwMDAwMDAwMDAsInVwZGF0ZSI6MTIwMDAwMDAwMDAwMH19"
        }
      ]
    },
    {
      "module": "module.google_kubernetes_engine",
      "mode": "managed",
      "type": "google_compute_subnetwork",
      "name": "subnet",
      "provider": "provider[\"registry.terraform.io/hashicorp/google\"]",
      "instances": [
        {
          "schema_version": 0,
          "attributes": {
            "creation_timestamp": "2025-10-31T03:21:26.423-07:00",
            "description": "",
            "external_ipv6_prefix": "",
            "fingerprint": null,
            "gateway_address": "10.0.0.1",
            "id": "projects/magnetic-racer-476808-v4/regions/europe-west1/subnetworks/cryptoviz-subnet",
            "internal_ipv6_prefix": "",
            "ip_cidr_range": "10.0.0.0/24",
            "ipv6_access_type": "",
            "ipv6_cidr_range": "",
            "log_config": [],
            "name": "cryptoviz-subnet",
            "network": "https://www.googleapis.com/compute/v1/projects/magnetic-racer-476808-v4/global/networks/cryptoviz-vpc",
            "private_ip_google_access": true,
            "private_ipv6_google_access": "DISABLE_GOOGLE_ACCESS",
            "project": "magnetic-racer-476808-v4",
            "purpose": "PRIVATE",
            "region": "europe-west1",
            "role": "",
            "secondary_ip_range": [
              {
                "ip_cidr_range": "10.1.0.0/16",
                "range_name": "pods"
              },
              {
                "ip_cidr_range": "10.2.0.0/16",
                "range_name": "services"
              }
            ],
            "self_link": "https://www.googleapis.com/compute/v1/projects/magnetic-racer-476808-v4/regions/europe-west1/subnetworks/cryptoviz-subnet",
            "send_secondary_ip_range_if_empty": null,
            "stack_type": "IPV4_ONLY",
            "timeouts": null
          },
          "sensitive_attributes": [],
          "identity_schema_version": 0,
          "private": "eyJlMmJmYjczMC1lY2FhLTExZTYtOGY4OC0zNDM2M2JjN2M0YzAiOnsiY3JlYXRlIjoxMjAwMDAwMDAwMDAwLCJkZWxldGUiOjEyMDAwMDAwMDAwMDAsInVwZGF0ZSI6MTIwMDAwMDAwMDAwMH19",
          "dependencies": [
            "module.google_kubernetes_engine.google_compute_network.vpc"
          ]
        }
      ]
    },
    {
      "module": "module.google_kubernetes_engine",
      "mode": "managed",
      "type": "google_container_cluster",
      "name": "cryptoviz",
      "provider": "provider[\"registry.terraform.io/hashicorp/google\"]",
      "instances": [
        {
          "status": "tainted",
          "schema_version": 2,
          "attributes": {
            "addons_config": [
              {
                "cloudrun_config": [],
                "config_connector_config": [],
                "dns_cache_config": [],
                "gce_persistent_disk_csi_driver_config": [
                  {
                    "enabled": true
                  }
                ],
                "gcp_filestore_csi_driver_config": [],
                "gcs_fuse_csi_driver_config": [],
                "gke_backup_agent_config": [],
                "horizontal_pod_autoscaling": [],
                "http_load_balancing": [],
                "network_policy_config": [
                  {
                    "disabled": true
                  }
                ],
                "ray_operator_config": [],
                "stateful_ha_config": []
              }
            ],
            "allow_net_admin": null,
            "authenticator_groups_config": [],
            "binary_authorization": [
              {
                "enabled": false,
                "evaluation_mode": ""
              }
            ],
            "cluster_autoscaling": [
              {
                "auto_provisioning_defaults": [],
                "auto_provisioning_locations": [],
                "autoscaling_profile": "BALANCED",
                "enabled": false,
                "resource_limits": []
              }
            ],
            "cluster_ipv4_cidr": "10.1.0.0/16",
            "confidential_nodes": [],
            "cost_management_config": [],
            "database_encryption": [
              {
                "key_name": "",
                "state": "DECRYPTED"
              }
            ],
            "datapath_provider": "",
            "default_max_pods_per_node": 110,
            "default_snat_status": [
              {
                "disabled": false
              }
            ],
            "deletion_protection": true,
            "description": "",
            "dns_config": [],
            "enable_autopilot": false,
            "enable_cilium_clusterwide_network_policy": false,
            "enable_intranode_visibility": false,
            "enable_k8s_beta_apis": [],
            "enable_kubernetes_alpha": false,
            "enable_l4_ilb_subsetting": false,
            "enable_legacy_abac": false,
            "enable_multi_networking": false,
            "enable_shielded_nodes": true,
            "enable_tpu": false,
            "endpoint": "35.195.83.209",
            "fleet": [],
            "gateway_api_config": [],
            "id": "projects/magnetic-racer-476808-v4/locations/europe-west1-b/clusters/cryptoviz",
            "identity_service_config": [],
            "initial_node_count": 1,
            "ip_allocation_policy": [
              {
                "additional_pod_ranges_config": [],
                "cluster_ipv4_cidr_block": "10.1.0.0/16",
                "cluster_secondary_range_name": "pods",
                "pod_cidr_overprovision_config": [
                  {
                    "disabled": false
                  }
                ],
                "services_ipv4_cidr_block": "10.2.0.0/16",
                "services_secondary_range_name": "services",
                "stack_type": "IPV4"
              }
            ],
            "label_fingerprint": "a9dc16a7",
            "location": "europe-west1-b",
            "logging_config": [
              {
                "enable_components": [
                  "SYSTEM_COMPONENTS",
                  "WORKLOADS"
                ]
              }
            ],
            "logging_service": "logging.googleapis.com/kubernetes",
            "maintenance_policy": [
              {
                "daily_maintenance_window": [
                  {
                    "duration": "PT4H0M0S",
                    "start_time": "03:00"
                  }
                ],
                "maintenance_exclusion": [],
                "recurring_window": []
              }
            ],
            "master_auth": [
              {
                "client_certificate": "",
                "client_certificate_config": [
                  {
                    "issue_client_certificate": false
                  }
                ],
                "client_key": "",
                "cluster_ca_certificate": "LS0tLS1CRUdJTiBDRVJUSUZJQ0FURS0tLS0tCk1JSUVMVENDQXBXZ0F3SUJBZ0lSQVBkWGRxUEI2OUg3dDQ5WHAzMlRFVFV3RFFZSktvWklodmNOQVFFTEJRQXcKTHpFdE1Dc0dBMVVFQXhNa1pqTTRNVGxqTkdNdFlUZ3lZUzAwTlRKbUxUZzRNV0l0TWpRM1lqRXhPVGM0TXpNeApNQ0FYRFRJMU1UQXpNVEE1TWpJd01Wb1lEekl3TlRVeE1ESTBNVEF5TWpBeFdqQXZNUzB3S3dZRFZRUURFeVJtCk16Z3hPV00wWXkxaE9ESmhMVFExTW1ZdE9EZ3hZaTB5TkRkaU1URTVOemd6TXpFd2dnR2lNQTBHQ1NxR1NJYjMKRFFFQkFRVUFBNElCandBd2dnR0tBb0lCZ1FDNVlnbzcyVjZNcG1wUGd6dnlaWXZsWTJzWDk1c3hEREc0Ry9SVApqRks1akNHV1EybGRnRWx5STJMNlNOZjN1VUo3eFJ6Z0tKNllFS09MWkIrRGNjY2VHdGFNRVNQbDFqd0JkR2o3CjJ6QWw3c1d1ZzliNU02SVJwcWlHZE53MEhibjB6TFo1Snh4SmZhSXZTT2d0cWZqZUlGRE1WS2t1WTRleEJqQ2cKWi9lcC96c2FCTElXdThaMjlRY3V2Unhmb1gvK3dKK2xPdHMxQ0p6dFRaanFPbnlTTXVXdXdYTGcvdUJZVExqQQpLRktaa0dJWW9mcWY0RWUzcE5oRzRudmFlNDdPeU9XdWtqUTZ4RmM5MmFTUG03YVpUWUx6Y0JqcXZTUm0wbTZ6CnVNeUZIQUJmRW1LaUtVSGwxWUwvT3VySUcwZEQrQkRCZGFSWGZsWTJVMVFhazV1OHRCVE8xMU14YmNMU0JNOXMKeWZiNzVOUWhDT3NSYk9NSXJ0dGw4UlhnVjdNaGYzM2ZlNjdKc24xdWt3RWVzM0pocWx3aUNxMVlJZmdXYnpNYgp0ZkFBcFFxK3lvbS9TUmw4MkdpTW1DNENhdUtmYVMzcEFJM0JrSTBpTjFDYWxMenFvbE92clZvMUhEUWtkakRVCnBSY0haY2V0YlZGVUQrWFRMSlV4Um1vR212c0NBd0VBQWFOQ01FQXdEZ1lEVlIwUEFRSC9CQVFEQWdJRU1BOEcKQTFVZEV3RUIvd1FGTUFNQkFmOHdIUVlEVlIwT0JCWUVGTkh3bi84Z05aMGdWaVBPVkhMQis0VTdPZVdOTUEwRwpDU3FHU0liM0RRRUJDd1VBQTRJQmdRQmNtNlZSSytwZzlLNGlDL1haUGdPREdia0NPRW1IZXg3V2NXVDdaZzNJCkord0VLOHo4L0dZSjJpdHJhMk5LaURTLzJLeFlaRlhCM0VGL0tXRUdvMXp2dlgwdVdyWE01QVliQWM5WVpra2cKaWFyNTJweWV1TllSZFJocXE3SG41Z2JLeVpNMXRWd2FhNWhxOHZObmFMeUtVQTF3dlBqQWRoWTBBNzcwcnNZWQphQXBVUjhTMHY4QUQrRmJDMUt2Vnd5UW9yNU9Lc2tUQk55akVOT3lDWTdRZVVVMS9hazNXVG9oSWpwcEkydTFiCnd6NlFHUlNJWHFJR3lMbjUrSmFBaVdXK0ZCV2R5YWhFSUgzT2lmWG5uY0orQUlpOEQzQWNWdzcwejlTMWF4ZWMKVXJDZEVab2Vyanl3WTRsODFVNjQ2NHVTa01RVHovNzA4Vkd2OFZMakIrQWF5VWJoQUdpUjZzSXpmeWgraW1QZwpPdUR1bnpRWHdRZllld1FEdmk2K01KMkNLQXFkM0NxY25TSlhHdUV3aVNLYUY2SjZ3L3FjK05wT24vWjczRnBsCjlKU3BwSThmVG9ERHNzZG1iYlZ2TEM1NVpTcFFJTU5HRmk2RDdCZlBsYWZoc1RpY1o5V1dnZnpFV0ZLWDA1NFgKQUpBRHlQdnJWNzVndUh5UXRCQ3B5NzQ9Ci0tLS0tRU5EIENFUlRJRklDQVRFLS0tLS0K"
              }
            ],
            "master_authorized_networks_config": [],
            "master_version": "1.33.5-gke.1125000",
            "mesh_certificates": [],
            "min_master_version": null,
            "monitoring_config": [
              {
                "advanced_datapath_observability_config": [
                  {
                    "enable_metrics": false,
                    "enable_relay": false,
                    "relay_mode": "DISABLED"
                  }
                ],
                "enable_components": [
                  "SYSTEM_COMPONENTS",
                  "HPA",
                  "POD",
                  "DAEMONSET",
                  "DEPLOYMENT",
                  "STATEFULSET",
                  "JOBSET",
                  "STORAGE",
                  "CADVISOR",
                  "KUBELET",
                  "DCGM"
                ],
                "managed_prometheus": [
                  {
                    "enabled": true
                  }
                ]
              }
            ],
            "monitoring_service": "monitoring.googleapis.com/kubernetes",
            "name": "cryptoviz",
            "network": "projects/magnetic-racer-476808-v4/global/networks/cryptoviz-vpc",
            "network_policy": [
              {
                "enabled": false,
                "provider": "PROVIDER_UNSPECIFIED"
              }
            ],
            "networking_mode": "VPC_NATIVE",
            "node_config": [],
            "node_locations": [],
            "node_pool": [],
            "node_pool_auto_config": [
              {
                "network_tags": [],
                "node_kubelet_config": [
                  {
                    "insecure_kubelet_readonly_port_enabled": "FALSE"
                  }
                ],
                "resource_manager_tags": {}
              }
            ],
            "node_pool_defaults": [
              {
                "node_config_defaults": [
                  {
                    "containerd_config": [],
                    "insecure_kubelet_readonly_port_enabled": "FALSE",
                    "logging_variant": "DEFAULT"
                  }
                ]
              }
            ],
            "node_version": "1.33.5-gke.1125000",
            "notification_config": [
              {
                "pubsub": [
                  {
                    "enabled": false,
                    "filter": [],
                    "topic": ""
                  }
                ]
              }
            ],
            "operation": null,
            "private_cluster_config": [
              {
                "enable_private_endpoint": false,
                "enable_private_nodes": false,
                "master_global_access_config": [
                  {
                    "enabled": false
                  }
                ],
                "master_ipv4_cidr_block": "",
                "peering_name": "",
                "private_endpoint": "10.0.0.2",
                "private_endpoint_subnetwork": "",
                "public_endpoint": "35.195.83.209"
              }
            ],
            "private_ipv6_google_access": "",
            "project": "magnetic-racer-476808-v4",
            "release_channel": [
              {
                "channel": "REGULAR"
              }
            ],
            "remove_default_node_pool": true,
            "resource_labels": {},
            "resource_usage_export_config": [],
            "security_posture_config": [
              {
                "mode": "BASIC",
                "vulnerability_mode": "VULNERABILITY_MODE_UNSPECIFIED"
              }
            ],
            "self_link": "https://container.googleapis.com/v1/projects/magnetic-racer-476808-v4/zones/europe-west1-b/clusters/cryptoviz",
            "service_external_ips_config": [
              {
                "enabled": false
              }
            ],
            "services_ipv4_cidr": "10.2.0.0/16",
            "subnetwork": "projects/magnetic-racer-476808-v4/regions/europe-west1/subnetworks/cryptoviz-subnet",
            "timeouts": null,
            "tpu_ipv4_cidr_block": "",
            "vertical_pod_autoscaling": [],
            "workload_identity_config": [
              {
                "workload_pool": "magnetic-racer-476808-v4.svc.id.goog"
              }
            ]
          },
          "sensitive_attributes": [
            [
              {
                "type": "get_attr",
                "value": "master_auth"
              },
              {
                "type": "index",
                "value": {
                  "value": 0,
                  "type": "number"
                }
              },
              {
                "type": "get_attr",
                "value": "client_key"
              }
            ]
          ],
          "identity_schema_version": 0,
          "private": "eyJlMmJmYjczMC1lY2FhLTExZTYtOGY4OC0zNDM2M2JjN2M0YzAiOnsiY3JlYXRlIjoyNDAwMDAwMDAwMDAwLCJkZWxldGUiOjI0MDAwMDAwMDAwMDAsInJlYWQiOjI0MDAwMDAwMDAwMDAsInVwZGF0ZSI6MzYwMDAwMDAwMDAwMH0sInNjaGVtYV92ZXJzaW9uIjoiMiJ9",
          "dependencies": [
            "module.google_kubernetes_engine.google_compute_network.vpc",
            "module.google_kubernetes_engine.google_compute_subnetwork.subnet"
          ]
        }
      ]
    }
  ],
  "check_results": null
}
